
Microsoft Visual Studio Solution File, Format Version 12.00
# Visual Studio 15
VisualStudioVersion = 15.0.28307.168
MinimumVisualStudioVersion = 10.0.40219.1
Project("{FAE04EC0-301F-11D3-BF4B-00C04F79EFBC}") = "Passwords.Api", "Passwords.Api\Passwords.Api.csproj", "{E8C11514-D2E3-448F-844A-2CEDFE2F5F27}"
EndProject
Global
	GlobalSection(SolutionConfigurationPlatforms) = preSolution
		Debug|Any CPU = Debug|Any CPU
		Release|Any CPU = Release|Any CPU
	EndGlobalSection
	GlobalSection(ProjectConfigurationPlatforms) = postSolution
		{E8C11514-D2E3-448F-844A-2CEDFE2F5F27}.Debug|Any CPU.ActiveCfg = Debug|Any CPU
		{E8C11514-D2E3-448F-844A-2CEDFE2F5F27}.Debug|Any CPU.Build.0 = Debug|Any CPU
		{E8C11514-D2E3-448F-844A-2CEDFE2F5F27}.Release|Any CPU.ActiveCfg = Release|Any CPU
		{E8C11514-D2E3-448F-844A-2CEDFE2F5F27}.Release|Any CPU.Build.0 = Release|Any CPU
	EndGlobalSection
	GlobalSection(SolutionProperties) = preSolution
		HideSolutionNode = FALSE
	EndGlobalSection
	GlobalSection(ExtensibilityGlobals) = postSolution
		SolutionGuid = {7D76AC8A-797A-4A76-97A0-AD1DADAFC419}
	EndGlobalSection
EndGlobal
